
Microsoft Visual Studio Solution File, Format Version 12.00
# Visual Studio Version 16
VisualStudioVersion = 16.0.30413.136
MinimumVisualStudioVersion = 10.0.40219.1
Project("{FAE04EC0-301F-11D3-BF4B-00C04F79EFBC}") = "GitHub Practice", "GitHub Practice\GitHub Practice.csproj", "{846F23FA-AD7F-47C4-AEB7-170C7460A649}"
EndProject
Global
	GlobalSection(SolutionConfigurationPlatforms) = preSolution
		Debug|Any CPU = Debug|Any CPU
		Release|Any CPU = Release|Any CPU
	EndGlobalSection
	GlobalSection(ProjectConfigurationPlatforms) = postSolution
		{846F23FA-AD7F-47C4-AEB7-170C7460A649}.Debug|Any CPU.ActiveCfg = Debug|Any CPU
		{846F23FA-AD7F-47C4-AEB7-170C7460A649}.Debug|Any CPU.Build.0 = Debug|Any CPU
		{846F23FA-AD7F-47C4-AEB7-170C7460A649}.Release|Any CPU.ActiveCfg = Release|Any CPU
		{846F23FA-AD7F-47C4-AEB7-170C7460A649}.Release|Any CPU.Build.0 = Release|Any CPU
	EndGlobalSection
	GlobalSection(SolutionProperties) = preSolution
		HideSolutionNode = FALSE
	EndGlobalSection
	GlobalSection(ExtensibilityGlobals) = postSolution
		SolutionGuid = {B6DE48D8-6E2A-4CF3-BDA3-E6311DBA8468}
	EndGlobalSection
EndGlobal
